
Microsoft Visual Studio Solution File, Format Version 12.00
# Visual Studio Version 17
VisualStudioVersion = 17.1.32210.238
MinimumVisualStudioVersion = 10.0.40219.1
Project("{8BC9CEB8-8B4A-11D0-8D11-00A0C91BC942}") = "Project1", "Project1\Project1.vcxproj", "{9845395D-099F-4D40-9856-755093D62CE3}"
EndProject
Project("{8BC9CEB8-8B4A-11D0-8D11-00A0C91BC942}") = "ch01s01HelloWorld", "ch01s01HelloWorld\ch01s01HelloWorld.vcxproj", "{4F21C001-6EAD-4E21-8E61-C28E77F0AD52}"
EndProject
Project("{8BC9CEB8-8B4A-11D0-8D11-00A0C91BC942}") = "ch01s02MathOperator", "ch01s02MathOperator\ch01s02MathOperator.vcxproj", "{B64928A6-A5C7-4158-A6FC-CB5745AABE8E}"
EndProject
Project("{8BC9CEB8-8B4A-11D0-8D11-00A0C91BC942}") = "ch01s03Logic", "ch01s03Logic\ch01s03Logic.vcxproj", "{3D929103-416B-458A-9E87-583BD6679DCF}"
EndProject
Project("{8BC9CEB8-8B4A-11D0-8D11-00A0C91BC942}") = "ch01s04Loop", "ch01s04Loop\ch01s04Loop.vcxproj", "{18C59156-2368-43B5-8EBD-E8F9DCDC8B67}"
EndProject
Project("{8BC9CEB8-8B4A-11D0-8D11-00A0C91BC942}") = "ch01s05TextAttribute", "ch01s05TextAttribute\ch01s05TextAttribute.vcxproj", "{79E523C5-08E6-45BB-9B18-003AD2EE9105}"
EndProject
Project("{8BC9CEB8-8B4A-11D0-8D11-00A0C91BC942}") = "W2Q1T3画图案", "W2Q1T3画图案\W2Q1T3画图案.vcxproj", "{C89D9F01-EBEA-43A8-B534-457A25D5D8D2}"
EndProject
Project("{8BC9CEB8-8B4A-11D0-8D11-00A0C91BC942}") = "ch02Console游戏", "ch02Console游戏\ch02Console游戏.vcxproj", "{C064EF25-518B-44AA-9D03-FA184EBC05D2}"
EndProject
Project("{8BC9CEB8-8B4A-11D0-8D11-00A0C91BC942}") = "ch03s01双缓冲显示", "ch03s01双缓冲显示\ch03s01双缓冲显示.vcxproj", "{D021729E-7554-4E43-8B2A-73D8C8A26ECF}"
EndProject
Project("{8BC9CEB8-8B4A-11D0-8D11-00A0C91BC942}") = "ch03s02局部绘制", "ch03s02局部绘制\ch03s02局部绘制.vcxproj", "{228E5F74-7D41-4268-8B55-8C457F8267AF}"
EndProject
Project("{8BC9CEB8-8B4A-11D0-8D11-00A0C91BC942}") = "ch03s03游戏界面", "ch03s03游戏界面\ch03s03游戏界面.vcxproj", "{93EE5E6B-D129-4C9D-9F9A-1FECC1DC4B9B}"
EndProject
Project("{8BC9CEB8-8B4A-11D0-8D11-00A0C91BC942}") = "ch03s04全角字符显示", "ch03s04全角字符显示\ch03s04全角字符显示.vcxproj", "{F89E8C1A-05C4-4148-8B23-9E42FBD1BA19}"
EndProject
Project("{8BC9CEB8-8B4A-11D0-8D11-00A0C91BC942}") = "ch04s01游戏循环控制", "ch04s01游戏循环控制\ch04s01游戏循环控制.vcxproj", "{190D3E21-A4C7-4BF9-9A1F-3DCC9344957A}"
EndProject
Project("{8BC9CEB8-8B4A-11D0-8D11-00A0C91BC942}") = "ch04s02代码维护与管理", "ch04s02代码维护与管理\ch04s02代码维护与管理.vcxproj", "{F87A7122-B43F-4710-B483-CE55A344C82F}"
EndProject
Project("{8BC9CEB8-8B4A-11D0-8D11-00A0C91BC942}") = "ch04游戏帧频管理", "ch04游戏帧频管理\ch04游戏帧频管理.vcxproj", "{92B94C19-6095-463B-87FF-EF8E2D9D3262}"
EndProject
Project("{8BC9CEB8-8B4A-11D0-8D11-00A0C91BC942}") = "自动贪吃蛇", "自动贪吃蛇\自动贪吃蛇.vcxproj", "{1E1EBC5C-640E-4B8C-9338-E0C955222880}"
EndProject
Project("{8BC9CEB8-8B4A-11D0-8D11-00A0C91BC942}") = "ch06SFML多媒体库", "ch06SFML多媒体库\ch06SFML多媒体库.vcxproj", "{BC4CC5EA-057C-4D55-BA4C-76A354D64EA3}"
EndProject
Project("{8BC9CEB8-8B4A-11D0-8D11-00A0C91BC942}") = "ch07s01框架搭建", "ch07s01框架搭建\ch07s01框架搭建.vcxproj", "{AA29CB3C-4692-4144-A80F-A2ED582725AE}"
EndProject
Project("{8BC9CEB8-8B4A-11D0-8D11-00A0C91BC942}") = "《贪吃蛇》Console终版", "《贪吃蛇》Console终版\《贪吃蛇》Console终版.vcxproj", "{5083213B-38F0-4E4E-8851-F892C9A15CED}"
EndProject
Project("{8BC9CEB8-8B4A-11D0-8D11-00A0C91BC942}") = "ch07s02图形与文字", "ch07s02图形与文字\ch07s02图形与文字.vcxproj", "{7872B854-03A2-4111-96AE-890A4E275780}"
EndProject
Project("{8BC9CEB8-8B4A-11D0-8D11-00A0C91BC942}") = "ch08s01初级游戏动画", "ch08s01初级游戏动画\ch08s01初级游戏动画.vcxproj", "{5FBBFF6E-7241-4832-8C90-D15423DFA3E8}"
EndProject
Project("{8BC9CEB8-8B4A-11D0-8D11-00A0C91BC942}") = "ch08s02音频与管理", "ch08s02音频与管理\ch08s02音频与管理.vcxproj", "{1484DAD4-7B0D-411B-9E65-9AF60248EDF2}"
EndProject
Project("{8BC9CEB8-8B4A-11D0-8D11-00A0C91BC942}") = "ch08s03游戏进程管理", "ch08s03游戏进程管理\ch08s03游戏进程管理.vcxproj", "{E8A4FFC1-B844-42C7-A22D-5C9544A1A77D}"
EndProject
Project("{8BC9CEB8-8B4A-11D0-8D11-00A0C91BC942}") = "ch08s04精灵动画创建", "ch08s04精灵动画创建\ch08s04精灵动画创建.vcxproj", "{322F7F02-B551-426F-A6E4-83AEB3439FC8}"
EndProject
Project("{8BC9CEB8-8B4A-11D0-8D11-00A0C91BC942}") = "ch09s02鼠标交互", "ch09s02鼠标交互\ch09s02鼠标交互.vcxproj", "{DB190723-6F06-4850-BAF4-C09FF99F56CD}"
EndProject
Project("{8BC9CEB8-8B4A-11D0-8D11-00A0C91BC942}") = "ch09s03类的初级应用", "ch09s03类的初级应用\ch09s03类的初级应用.vcxproj", "{350841AA-144C-4138-9AE9-931D092951FA}"
EndProject
Project("{8BC9CEB8-8B4A-11D0-8D11-00A0C91BC942}") = "ch09MineSweeper", "ch09MineSweeper\ch09MineSweeper.vcxproj", "{DDEF433B-1A09-45BA-8ABB-073C44A139E1}"
EndProject
Project("{8BC9CEB8-8B4A-11D0-8D11-00A0C91BC942}") = "ch10Tetris", "ch10Tetris\ch10Tetris.vcxproj", "{F6A8B007-42E5-4EBB-AC0B-E42C9869450C}"
EndProject
Project("{8BC9CEB8-8B4A-11D0-8D11-00A0C91BC942}") = "ch10s01俄罗斯方块规则", "ch10s01俄罗斯方块规则\ch10s01俄罗斯方块规则.vcxproj", "{2A2B4520-6B91-4E57-A986-AC30DC743F93}"
EndProject
Global
	GlobalSection(SolutionConfigurationPlatforms) = preSolution
		Debug|x64 = Debug|x64
		Debug|x86 = Debug|x86
		Release|x64 = Release|x64
		Release|x86 = Release|x86
	EndGlobalSection
	GlobalSection(ProjectConfigurationPlatforms) = postSolution
		{9845395D-099F-4D40-9856-755093D62CE3}.Debug|x64.ActiveCfg = Debug|x64
		{9845395D-099F-4D40-9856-755093D62CE3}.Debug|x64.Build.0 = Debug|x64
		{9845395D-099F-4D40-9856-755093D62CE3}.Debug|x86.ActiveCfg = Debug|Win32
		{9845395D-099F-4D40-9856-755093D62CE3}.Debug|x86.Build.0 = Debug|Win32
		{9845395D-099F-4D40-9856-755093D62CE3}.Release|x64.ActiveCfg = Release|x64
		{9845395D-099F-4D40-9856-755093D62CE3}.Release|x64.Build.0 = Release|x64
		{9845395D-099F-4D40-9856-755093D62CE3}.Release|x86.ActiveCfg = Release|Win32
		{9845395D-099F-4D40-9856-755093D62CE3}.Release|x86.Build.0 = Release|Win32
		{4F21C001-6EAD-4E21-8E61-C28E77F0AD52}.Debug|x64.ActiveCfg = Debug|x64
		{4F21C001-6EAD-4E21-8E61-C28E77F0AD52}.Debug|x64.Build.0 = Debug|x64
		{4F21C001-6EAD-4E21-8E61-C28E77F0AD52}.Debug|x86.ActiveCfg = Debug|Win32
		{4F21C001-6EAD-4E21-8E61-C28E77F0AD52}.Debug|x86.Build.0 = Debug|Win32
		{4F21C001-6EAD-4E21-8E61-C28E77F0AD52}.Release|x64.ActiveCfg = Release|x64
		{4F21C001-6EAD-4E21-8E61-C28E77F0AD52}.Release|x64.Build.0 = Release|x64
		{4F21C001-6EAD-4E21-8E61-C28E77F0AD52}.Release|x86.ActiveCfg = Release|Win32
		{4F21C001-6EAD-4E21-8E61-C28E77F0AD52}.Release|x86.Build.0 = Release|Win32
		{B64928A6-A5C7-4158-A6FC-CB5745AABE8E}.Debug|x64.ActiveCfg = Debug|x64
		{B64928A6-A5C7-4158-A6FC-CB5745AABE8E}.Debug|x64.Build.0 = Debug|x64
		{B64928A6-A5C7-4158-A6FC-CB5745AABE8E}.Debug|x86.ActiveCfg = Debug|Win32
		{B64928A6-A5C7-4158-A6FC-CB5745AABE8E}.Debug|x86.Build.0 = Debug|Win32
		{B64928A6-A5C7-4158-A6FC-CB5745AABE8E}.Release|x64.ActiveCfg = Release|x64
		{B64928A6-A5C7-4158-A6FC-CB5745AABE8E}.Release|x64.Build.0 = Release|x64
		{B64928A6-A5C7-4158-A6FC-CB5745AABE8E}.Release|x86.ActiveCfg = Release|Win32
		{B64928A6-A5C7-4158-A6FC-CB5745AABE8E}.Release|x86.Build.0 = Release|Win32
		{3D929103-416B-458A-9E87-583BD6679DCF}.Debug|x64.ActiveCfg = Debug|x64
		{3D929103-416B-458A-9E87-583BD6679DCF}.Debug|x64.Build.0 = Debug|x64
		{3D929103-416B-458A-9E87-583BD6679DCF}.Debug|x86.ActiveCfg = Debug|Win32
		{3D929103-416B-458A-9E87-583BD6679DCF}.Debug|x86.Build.0 = Debug|Win32
		{3D929103-416B-458A-9E87-583BD6679DCF}.Release|x64.ActiveCfg = Release|x64
		{3D929103-416B-458A-9E87-583BD6679DCF}.Release|x64.Build.0 = Release|x64
		{3D929103-416B-458A-9E87-583BD6679DCF}.Release|x86.ActiveCfg = Release|Win32
		{3D929103-416B-458A-9E87-583BD6679DCF}.Release|x86.Build.0 = Release|Win32
		{18C59156-2368-43B5-8EBD-E8F9DCDC8B67}.Debug|x64.ActiveCfg = Debug|x64
		{18C59156-2368-43B5-8EBD-E8F9DCDC8B67}.Debug|x64.Build.0 = Debug|x64
		{18C59156-2368-43B5-8EBD-E8F9DCDC8B67}.Debug|x86.ActiveCfg = Debug|Win32
		{18C59156-2368-43B5-8EBD-E8F9DCDC8B67}.Debug|x86.Build.0 = Debug|Win32
		{18C59156-2368-43B5-8EBD-E8F9DCDC8B67}.Release|x64.ActiveCfg = Release|x64
		{18C59156-2368-43B5-8EBD-E8F9DCDC8B67}.Release|x64.Build.0 = Release|x64
		{18C59156-2368-43B5-8EBD-E8F9DCDC8B67}.Release|x86.ActiveCfg = Release|Win32
		{18C59156-2368-43B5-8EBD-E8F9DCDC8B67}.Release|x86.Build.0 = Release|Win32
		{79E523C5-08E6-45BB-9B18-003AD2EE9105}.Debug|x64.ActiveCfg = Debug|x64
		{79E523C5-08E6-45BB-9B18-003AD2EE9105}.Debug|x64.Build.0 = Debug|x64
		{79E523C5-08E6-45BB-9B18-003AD2EE9105}.Debug|x86.ActiveCfg = Debug|Win32
		{79E523C5-08E6-45BB-9B18-003AD2EE9105}.Debug|x86.Build.0 = Debug|Win32
		{79E523C5-08E6-45BB-9B18-003AD2EE9105}.Release|x64.ActiveCfg = Release|x64
		{79E523C5-08E6-45BB-9B18-003AD2EE9105}.Release|x64.Build.0 = Release|x64
		{79E523C5-08E6-45BB-9B18-003AD2EE9105}.Release|x86.ActiveCfg = Release|Win32
		{79E523C5-08E6-45BB-9B18-003AD2EE9105}.Release|x86.Build.0 = Release|Win32
		{C89D9F01-EBEA-43A8-B534-457A25D5D8D2}.Debug|x64.ActiveCfg = Debug|x64
		{C89D9F01-EBEA-43A8-B534-457A25D5D8D2}.Debug|x64.Build.0 = Debug|x64
		{C89D9F01-EBEA-43A8-B534-457A25D5D8D2}.Debug|x86.ActiveCfg = Debug|Win32
		{C89D9F01-EBEA-43A8-B534-457A25D5D8D2}.Debug|x86.Build.0 = Debug|Win32
		{C89D9F01-EBEA-43A8-B534-457A25D5D8D2}.Release|x64.ActiveCfg = Release|x64
		{C89D9F01-EBEA-43A8-B534-457A25D5D8D2}.Release|x64.Build.0 = Release|x64
		{C89D9F01-EBEA-43A8-B534-457A25D5D8D2}.Release|x86.ActiveCfg = Release|Win32
		{C89D9F01-EBEA-43A8-B534-457A25D5D8D2}.Release|x86.Build.0 = Release|Win32
		{C064EF25-518B-44AA-9D03-FA184EBC05D2}.Debug|x64.ActiveCfg = Debug|x64
		{C064EF25-518B-44AA-9D03-FA184EBC05D2}.Debug|x64.Build.0 = Debug|x64
		{C064EF25-518B-44AA-9D03-FA184EBC05D2}.Debug|x86.ActiveCfg = Debug|Win32
		{C064EF25-518B-44AA-9D03-FA184EBC05D2}.Debug|x86.Build.0 = Debug|Win32
		{C064EF25-518B-44AA-9D03-FA184EBC05D2}.Release|x64.ActiveCfg = Release|x64
		{C064EF25-518B-44AA-9D03-FA184EBC05D2}.Release|x64.Build.0 = Release|x64
		{C064EF25-518B-44AA-9D03-FA184EBC05D2}.Release|x86.ActiveCfg = Release|Win32
		{C064EF25-518B-44AA-9D03-FA184EBC05D2}.Release|x86.Build.0 = Release|Win32
		{D021729E-7554-4E43-8B2A-73D8C8A26ECF}.Debug|x64.ActiveCfg = Debug|x64
		{D021729E-7554-4E43-8B2A-73D8C8A26ECF}.Debug|x64.Build.0 = Debug|x64
		{D021729E-7554-4E43-8B2A-73D8C8A26ECF}.Debug|x86.ActiveCfg = Debug|Win32
		{D021729E-7554-4E43-8B2A-73D8C8A26ECF}.Debug|x86.Build.0 = Debug|Win32
		{D021729E-7554-4E43-8B2A-73D8C8A26ECF}.Release|x64.ActiveCfg = Release|x64
		{D021729E-7554-4E43-8B2A-73D8C8A26ECF}.Release|x64.Build.0 = Release|x64
		{D021729E-7554-4E43-8B2A-73D8C8A26ECF}.Release|x86.ActiveCfg = Release|Win32
		{D021729E-7554-4E43-8B2A-73D8C8A26ECF}.Release|x86.Build.0 = Release|Win32
		{228E5F74-7D41-4268-8B55-8C457F8267AF}.Debug|x64.ActiveCfg = Debug|x64
		{228E5F74-7D41-4268-8B55-8C457F8267AF}.Debug|x64.Build.0 = Debug|x64
		{228E5F74-7D41-4268-8B55-8C457F8267AF}.Debug|x86.ActiveCfg = Debug|Win32
		{228E5F74-7D41-4268-8B55-8C457F8267AF}.Debug|x86.Build.0 = Debug|Win32
		{228E5F74-7D41-4268-8B55-8C457F8267AF}.Release|x64.ActiveCfg = Release|x64
		{228E5F74-7D41-4268-8B55-8C457F8267AF}.Release|x64.Build.0 = Release|x64
		{228E5F74-7D41-4268-8B55-8C457F8267AF}.Release|x86.ActiveCfg = Release|Win32
		{228E5F74-7D41-4268-8B55-8C457F8267AF}.Release|x86.Build.0 = Release|Win32
		{93EE5E6B-D129-4C9D-9F9A-1FECC1DC4B9B}.Debug|x64.ActiveCfg = Debug|x64
		{93EE5E6B-D129-4C9D-9F9A-1FECC1DC4B9B}.Debug|x64.Build.0 = Debug|x64
		{93EE5E6B-D129-4C9D-9F9A-1FECC1DC4B9B}.Debug|x86.ActiveCfg = Debug|Win32
		{93EE5E6B-D129-4C9D-9F9A-1FECC1DC4B9B}.Debug|x86.Build.0 = Debug|Win32
		{93EE5E6B-D129-4C9D-9F9A-1FECC1DC4B9B}.Release|x64.ActiveCfg = Release|x64
		{93EE5E6B-D129-4C9D-9F9A-1FECC1DC4B9B}.Release|x64.Build.0 = Release|x64
		{93EE5E6B-D129-4C9D-9F9A-1FECC1DC4B9B}.Release|x86.ActiveCfg = Release|Win32
		{93EE5E6B-D129-4C9D-9F9A-1FECC1DC4B9B}.Release|x86.Build.0 = Release|Win32
		{F89E8C1A-05C4-4148-8B23-9E42FBD1BA19}.Debug|x64.ActiveCfg = Debug|x64
		{F89E8C1A-05C4-4148-8B23-9E42FBD1BA19}.Debug|x64.Build.0 = Debug|x64
		{F89E8C1A-05C4-4148-8B23-9E42FBD1BA19}.Debug|x86.ActiveCfg = Debug|Win32
		{F89E8C1A-05C4-4148-8B23-9E42FBD1BA19}.Debug|x86.Build.0 = Debug|Win32
		{F89E8C1A-05C4-4148-8B23-9E42FBD1BA19}.Release|x64.ActiveCfg = Release|x64
		{F89E8C1A-05C4-4148-8B23-9E42FBD1BA19}.Release|x64.Build.0 = Release|x64
		{F89E8C1A-05C4-4148-8B23-9E42FBD1BA19}.Release|x86.ActiveCfg = Release|Win32
		{F89E8C1A-05C4-4148-8B23-9E42FBD1BA19}.Release|x86.Build.0 = Release|Win32
		{190D3E21-A4C7-4BF9-9A1F-3DCC9344957A}.Debug|x64.ActiveCfg = Debug|x64
		{190D3E21-A4C7-4BF9-9A1F-3DCC9344957A}.Debug|x64.Build.0 = Debug|x64
		{190D3E21-A4C7-4BF9-9A1F-3DCC9344957A}.Debug|x86.ActiveCfg = Debug|Win32
		{190D3E21-A4C7-4BF9-9A1F-3DCC9344957A}.Debug|x86.Build.0 = Debug|Win32
		{190D3E21-A4C7-4BF9-9A1F-3DCC9344957A}.Release|x64.ActiveCfg = Release|x64
		{190D3E21-A4C7-4BF9-9A1F-3DCC9344957A}.Release|x64.Build.0 = Release|x64
		{190D3E21-A4C7-4BF9-9A1F-3DCC9344957A}.Release|x86.ActiveCfg = Release|Win32
		{190D3E21-A4C7-4BF9-9A1F-3DCC9344957A}.Release|x86.Build.0 = Release|Win32
		{F87A7122-B43F-4710-B483-CE55A344C82F}.Debug|x64.ActiveCfg = Debug|x64
		{F87A7122-B43F-4710-B483-CE55A344C82F}.Debug|x64.Build.0 = Debug|x64
		{F87A7122-B43F-4710-B483-CE55A344C82F}.Debug|x86.ActiveCfg = Debug|Win32
		{F87A7122-B43F-4710-B483-CE55A344C82F}.Debug|x86.Build.0 = Debug|Win32
		{F87A7122-B43F-4710-B483-CE55A344C82F}.Release|x64.ActiveCfg = Release|x64
		{F87A7122-B43F-4710-B483-CE55A344C82F}.Release|x64.Build.0 = Release|x64
		{F87A7122-B43F-4710-B483-CE55A344C82F}.Release|x86.ActiveCfg = Release|Win32
		{F87A7122-B43F-4710-B483-CE55A344C82F}.Release|x86.Build.0 = Release|Win32
		{92B94C19-6095-463B-87FF-EF8E2D9D3262}.Debug|x64.ActiveCfg = Debug|x64
		{92B94C19-6095-463B-87FF-EF8E2D9D3262}.Debug|x64.Build.0 = Debug|x64
		{92B94C19-6095-463B-87FF-EF8E2D9D3262}.Debug|x86.ActiveCfg = Debug|Win32
		{92B94C19-6095-463B-87FF-EF8E2D9D3262}.Debug|x86.Build.0 = Debug|Win32
		{92B94C19-6095-463B-87FF-EF8E2D9D3262}.Release|x64.ActiveCfg = Release|x64
		{92B94C19-6095-463B-87FF-EF8E2D9D3262}.Release|x64.Build.0 = Release|x64
		{92B94C19-6095-463B-87FF-EF8E2D9D3262}.Release|x86.ActiveCfg = Release|Win32
		{92B94C19-6095-463B-87FF-EF8E2D9D3262}.Release|x86.Build.0 = Release|Win32
		{1E1EBC5C-640E-4B8C-9338-E0C955222880}.Debug|x64.ActiveCfg = Debug|x64
		{1E1EBC5C-640E-4B8C-9338-E0C955222880}.Debug|x64.Build.0 = Debug|x64
		{1E1EBC5C-640E-4B8C-9338-E0C955222880}.Debug|x86.ActiveCfg = Debug|Win32
		{1E1EBC5C-640E-4B8C-9338-E0C955222880}.Debug|x86.Build.0 = Debug|Win32
		{1E1EBC5C-640E-4B8C-9338-E0C955222880}.Release|x64.ActiveCfg = Release|x64
		{1E1EBC5C-640E-4B8C-9338-E0C955222880}.Release|x64.Build.0 = Release|x64
		{1E1EBC5C-640E-4B8C-9338-E0C955222880}.Release|x86.ActiveCfg = Release|Win32
		{1E1EBC5C-640E-4B8C-9338-E0C955222880}.Release|x86.Build.0 = Release|Win32
		{BC4CC5EA-057C-4D55-BA4C-76A354D64EA3}.Debug|x64.ActiveCfg = Debug|x64
		{BC4CC5EA-057C-4D55-BA4C-76A354D64EA3}.Debug|x64.Build.0 = Debug|x64
		{BC4CC5EA-057C-4D55-BA4C-76A354D64EA3}.Debug|x86.ActiveCfg = Debug|Win32
		{BC4CC5EA-057C-4D55-BA4C-76A354D64EA3}.Debug|x86.Build.0 = Debug|Win32
		{BC4CC5EA-057C-4D55-BA4C-76A354D64EA3}.Release|x64.ActiveCfg = Release|x64
		{BC4CC5EA-057C-4D55-BA4C-76A354D64EA3}.Release|x64.Build.0 = Release|x64
		{BC4CC5EA-057C-4D55-BA4C-76A354D64EA3}.Release|x86.ActiveCfg = Release|Win32
		{BC4CC5EA-057C-4D55-BA4C-76A354D64EA3}.Release|x86.Build.0 = Release|Win32
		{AA29CB3C-4692-4144-A80F-A2ED582725AE}.Debug|x64.ActiveCfg = Debug|x64
		{AA29CB3C-4692-4144-A80F-A2ED582725AE}.Debug|x64.Build.0 = Debug|x64
		{AA29CB3C-4692-4144-A80F-A2ED582725AE}.Debug|x86.ActiveCfg = Debug|Win32
		{AA29CB3C-4692-4144-A80F-A2ED582725AE}.Debug|x86.Build.0 = Debug|Win32
		{AA29CB3C-4692-4144-A80F-A2ED582725AE}.Release|x64.ActiveCfg = Release|x64
		{AA29CB3C-4692-4144-A80F-A2ED582725AE}.Release|x64.Build.0 = Release|x64
		{AA29CB3C-4692-4144-A80F-A2ED582725AE}.Release|x86.ActiveCfg = Release|Win32
		{AA29CB3C-4692-4144-A80F-A2ED582725AE}.Release|x86.Build.0 = Release|Win32
		{5083213B-38F0-4E4E-8851-F892C9A15CED}.Debug|x64.ActiveCfg = Debug|x64
		{5083213B-38F0-4E4E-8851-F892C9A15CED}.Debug|x64.Build.0 = Debug|x64
		{5083213B-38F0-4E4E-8851-F892C9A15CED}.Debug|x86.ActiveCfg = Debug|Win32
		{5083213B-38F0-4E4E-8851-F892C9A15CED}.Debug|x86.Build.0 = Debug|Win32
		{5083213B-38F0-4E4E-8851-F892C9A15CED}.Release|x64.ActiveCfg = Release|x64
		{5083213B-38F0-4E4E-8851-F892C9A15CED}.Release|x64.Build.0 = Release|x64
		{5083213B-38F0-4E4E-8851-F892C9A15CED}.Release|x86.ActiveCfg = Release|Win32
		{5083213B-38F0-4E4E-8851-F892C9A15CED}.Release|x86.Build.0 = Release|Win32
		{7872B854-03A2-4111-96AE-890A4E275780}.Debug|x64.ActiveCfg = Debug|x64
		{7872B854-03A2-4111-96AE-890A4E275780}.Debug|x64.Build.0 = Debug|x64
		{7872B854-03A2-4111-96AE-890A4E275780}.Debug|x86.ActiveCfg = Debug|Win32
		{7872B854-03A2-4111-96AE-890A4E275780}.Debug|x86.Build.0 = Debug|Win32
		{7872B854-03A2-4111-96AE-890A4E275780}.Release|x64.ActiveCfg = Release|x64
		{7872B854-03A2-4111-96AE-890A4E275780}.Release|x64.Build.0 = Release|x64
		{7872B854-03A2-4111-96AE-890A4E275780}.Release|x86.ActiveCfg = Release|Win32
		{7872B854-03A2-4111-96AE-890A4E275780}.Release|x86.Build.0 = Release|Win32
		{5FBBFF6E-7241-4832-8C90-D15423DFA3E8}.Debug|x64.ActiveCfg = Debug|x64
		{5FBBFF6E-7241-4832-8C90-D15423DFA3E8}.Debug|x64.Build.0 = Debug|x64
		{5FBBFF6E-7241-4832-8C90-D15423DFA3E8}.Debug|x86.ActiveCfg = Debug|Win32
		{5FBBFF6E-7241-4832-8C90-D15423DFA3E8}.Debug|x86.Build.0 = Debug|Win32
		{5FBBFF6E-7241-4832-8C90-D15423DFA3E8}.Release|x64.ActiveCfg = Release|x64
		{5FBBFF6E-7241-4832-8C90-D15423DFA3E8}.Release|x64.Build.0 = Release|x64
		{5FBBFF6E-7241-4832-8C90-D15423DFA3E8}.Release|x86.ActiveCfg = Release|Win32
		{5FBBFF6E-7241-4832-8C90-D15423DFA3E8}.Release|x86.Build.0 = Release|Win32
		{1484DAD4-7B0D-411B-9E65-9AF60248EDF2}.Debug|x64.ActiveCfg = Debug|x64
		{1484DAD4-7B0D-411B-9E65-9AF60248EDF2}.Debug|x64.Build.0 = Debug|x64
		{1484DAD4-7B0D-411B-9E65-9AF60248EDF2}.Debug|x86.ActiveCfg = Debug|Win32
		{1484DAD4-7B0D-411B-9E65-9AF60248EDF2}.Debug|x86.Build.0 = Debug|Win32
		{1484DAD4-7B0D-411B-9E65-9AF60248EDF2}.Release|x64.ActiveCfg = Release|x64
		{1484DAD4-7B0D-411B-9E65-9AF60248EDF2}.Release|x64.Build.0 = Release|x64
		{1484DAD4-7B0D-411B-9E65-9AF60248EDF2}.Release|x86.ActiveCfg = Release|Win32
		{1484DAD4-7B0D-411B-9E65-9AF60248EDF2}.Release|x86.Build.0 = Release|Win32
		{E8A4FFC1-B844-42C7-A22D-5C9544A1A77D}.Debug|x64.ActiveCfg = Debug|x64
		{E8A4FFC1-B844-42C7-A22D-5C9544A1A77D}.Debug|x64.Build.0 = Debug|x64
		{E8A4FFC1-B844-42C7-A22D-5C9544A1A77D}.Debug|x86.ActiveCfg = Debug|Win32
		{E8A4FFC1-B844-42C7-A22D-5C9544A1A77D}.Debug|x86.Build.0 = Debug|Win32
		{E8A4FFC1-B844-42C7-A22D-5C9544A1A77D}.Release|x64.ActiveCfg = Release|x64
		{E8A4FFC1-B844-42C7-A22D-5C9544A1A77D}.Release|x64.Build.0 = Release|x64
		{E8A4FFC1-B844-42C7-A22D-5C9544A1A77D}.Release|x86.ActiveCfg = Release|Win32
		{E8A4FFC1-B844-42C7-A22D-5C9544A1A77D}.Release|x86.Build.0 = Release|Win32
		{322F7F02-B551-426F-A6E4-83AEB3439FC8}.Debug|x64.ActiveCfg = Debug|x64
		{322F7F02-B551-426F-A6E4-83AEB3439FC8}.Debug|x64.Build.0 = Debug|x64
		{322F7F02-B551-426F-A6E4-83AEB3439FC8}.Debug|x86.ActiveCfg = Debug|Win32
		{322F7F02-B551-426F-A6E4-83AEB3439FC8}.Debug|x86.Build.0 = Debug|Win32
		{322F7F02-B551-426F-A6E4-83AEB3439FC8}.Release|x64.ActiveCfg = Release|x64
		{322F7F02-B551-426F-A6E4-83AEB3439FC8}.Release|x64.Build.0 = Release|x64
		{322F7F02-B551-426F-A6E4-83AEB3439FC8}.Release|x86.ActiveCfg = Release|Win32
		{322F7F02-B551-426F-A6E4-83AEB3439FC8}.Release|x86.Build.0 = Release|Win32
		{DB190723-6F06-4850-BAF4-C09FF99F56CD}.Debug|x64.ActiveCfg = Debug|x64
		{DB190723-6F06-4850-BAF4-C09FF99F56CD}.Debug|x64.Build.0 = Debug|x64
		{DB190723-6F06-4850-BAF4-C09FF99F56CD}.Debug|x86.ActiveCfg = Debug|Win32
		{DB190723-6F06-4850-BAF4-C09FF99F56CD}.Debug|x86.Build.0 = Debug|Win32
		{DB190723-6F06-4850-BAF4-C09FF99F56CD}.Release|x64.ActiveCfg = Release|x64
		{DB190723-6F06-4850-BAF4-C09FF99F56CD}.Release|x64.Build.0 = Release|x64
		{DB190723-6F06-4850-BAF4-C09FF99F56CD}.Release|x86.ActiveCfg = Release|Win32
		{DB190723-6F06-4850-BAF4-C09FF99F56CD}.Release|x86.Build.0 = Release|Win32
		{350841AA-144C-4138-9AE9-931D092951FA}.Debug|x64.ActiveCfg = Debug|x64
		{350841AA-144C-4138-9AE9-931D092951FA}.Debug|x64.Build.0 = Debug|x64
		{350841AA-144C-4138-9AE9-931D092951FA}.Debug|x86.ActiveCfg = Debug|Win32
		{350841AA-144C-4138-9AE9-931D092951FA}.Debug|x86.Build.0 = Debug|Win32
		{350841AA-144C-4138-9AE9-931D092951FA}.Release|x64.ActiveCfg = Release|x64
		{350841AA-144C-4138-9AE9-931D092951FA}.Release|x64.Build.0 = Release|x64
		{350841AA-144C-4138-9AE9-931D092951FA}.Release|x86.ActiveCfg = Release|Win32
		{350841AA-144C-4138-9AE9-931D092951FA}.Release|x86.Build.0 = Release|Win32
		{DDEF433B-1A09-45BA-8ABB-073C44A139E1}.Debug|x64.ActiveCfg = Debug|x64
		{DDEF433B-1A09-45BA-8ABB-073C44A139E1}.Debug|x64.Build.0 = Debug|x64
		{DDEF433B-1A09-45BA-8ABB-073C44A139E1}.Debug|x86.ActiveCfg = Debug|Win32
		{DDEF433B-1A09-45BA-8ABB-073C44A139E1}.Debug|x86.Build.0 = Debug|Win32
		{DDEF433B-1A09-45BA-8ABB-073C44A139E1}.Release|x64.ActiveCfg = Release|x64
		{DDEF433B-1A09-45BA-8ABB-073C44A139E1}.Release|x64.Build.0 = Release|x64
		{DDEF433B-1A09-45BA-8ABB-073C44A139E1}.Release|x86.ActiveCfg = Release|Win32
		{DDEF433B-1A09-45BA-8ABB-073C44A139E1}.Release|x86.Build.0 = Release|Win32
		{F6A8B007-42E5-4EBB-AC0B-E42C9869450C}.Debug|x64.ActiveCfg = Debug|x64
		{F6A8B007-42E5-4EBB-AC0B-E42C9869450C}.Debug|x64.Build.0 = Debug|x64
		{F6A8B007-42E5-4EBB-AC0B-E42C9869450C}.Debug|x86.ActiveCfg = Debug|Win32
		{F6A8B007-42E5-4EBB-AC0B-E42C9869450C}.Debug|x86.Build.0 = Debug|Win32
		{F6A8B007-42E5-4EBB-AC0B-E42C9869450C}.Release|x64.ActiveCfg = Release|x64
		{F6A8B007-42E5-4EBB-AC0B-E42C9869450C}.Release|x64.Build.0 = Release|x64
		{F6A8B007-42E5-4EBB-AC0B-E42C9869450C}.Release|x86.ActiveCfg = Release|Win32
		{F6A8B007-42E5-4EBB-AC0B-E42C9869450C}.Release|x86.Build.0 = Release|Win32
		{2A2B4520-6B91-4E57-A986-AC30DC743F93}.Debug|x64.ActiveCfg = Debug|x64
		{2A2B4520-6B91-4E57-A986-AC30DC743F93}.Debug|x64.Build.0 = Debug|x64
		{2A2B4520-6B91-4E57-A986-AC30DC743F93}.Debug|x86.ActiveCfg = Debug|Win32
		{2A2B4520-6B91-4E57-A986-AC30DC743F93}.Debug|x86.Build.0 = Debug|Win32
		{2A2B4520-6B91-4E57-A986-AC30DC743F93}.Release|x64.ActiveCfg = Release|x64
		{2A2B4520-6B91-4E57-A986-AC30DC743F93}.Release|x64.Build.0 = Release|x64
		{2A2B4520-6B91-4E57-A986-AC30DC743F93}.Release|x86.ActiveCfg = Release|Win32
		{2A2B4520-6B91-4E57-A986-AC30DC743F93}.Release|x86.Build.0 = Release|Win32
	EndGlobalSection
	GlobalSection(SolutionProperties) = preSolution
		HideSolutionNode = FALSE
	EndGlobalSection
	GlobalSection(ExtensibilityGlobals) = postSolution
		SolutionGuid = {D94456B0-AA8D-4BED-A6E4-5AE2B25C2906}
	EndGlobalSection
EndGlobal
